
Microsoft Visual Studio Solution File, Format Version 12.00
# Visual Studio Version 17
VisualStudioVersion = 17.10.34928.147
MinimumVisualStudioVersion = 10.0.40219.1
Project("{FAE04EC0-301F-11D3-BF4B-00C04F79EFBC}") = "habitmanagement", "habitmanagement.csproj", "{DA30E51D-5C66-4A84-B700-3F350D68614E}"
EndProject
Global
	GlobalSection(SolutionConfigurationPlatforms) = preSolution
		Debug|Any CPU = Debug|Any CPU
		Release|Any CPU = Release|Any CPU
	EndGlobalSection
	GlobalSection(ProjectConfigurationPlatforms) = postSolution
		{DA30E51D-5C66-4A84-B700-3F350D68614E}.Debug|Any CPU.ActiveCfg = Debug|Any CPU
		{DA30E51D-5C66-4A84-B700-3F350D68614E}.Debug|Any CPU.Build.0 = Debug|Any CPU
		{DA30E51D-5C66-4A84-B700-3F350D68614E}.Release|Any CPU.ActiveCfg = Release|Any CPU
		{DA30E51D-5C66-4A84-B700-3F350D68614E}.Release|Any CPU.Build.0 = Release|Any CPU
	EndGlobalSection
	GlobalSection(SolutionProperties) = preSolution
		HideSolutionNode = FALSE
	EndGlobalSection
	GlobalSection(ExtensibilityGlobals) = postSolution
		SolutionGuid = {E04D0FCD-BD05-4E02-9B50-8B53A6198C21}
	EndGlobalSection
EndGlobal
